
Microsoft Visual Studio Solution File, Format Version 12.00
# Visual Studio Version 16
VisualStudioVersion = 16.0.31005.135
MinimumVisualStudioVersion = 10.0.40219.1
Project("{2150E333-8FDC-42A3-9474-1A3956D46DE8}") = "src", "src", "{51E07447-63B2-476F-B591-F3A53DF95E1B}"
EndProject
Project("{2150E333-8FDC-42A3-9474-1A3956D46DE8}") = "Test", "Test", "{54CA30BA-F196-4F3C-80B5-469A326F4BF9}"
EndProject
Project("{2150E333-8FDC-42A3-9474-1A3956D46DE8}") = "Unit", "Unit", "{BB0B6EAD-1B95-45C7-8AD4-9E5F9BAB3310}"
EndProject
Project("{9A19103F-16F7-4668-BE54-9A1E7A4F7556}") = "EngineApi.Api", "src\EngineApi.Api\EngineApi.Api.csproj", "{01E23BE5-307C-4567-9381-B59E91FEBA56}"
EndProject
Project("{9A19103F-16F7-4668-BE54-9A1E7A4F7556}") = "Engine.Infrastructure", "src\Engine.Infrastructure\Engine.Infrastructure.csproj", "{C60F1A75-5A2F-4DCE-954F-9816A21466EA}"
EndProject
Project("{9A19103F-16F7-4668-BE54-9A1E7A4F7556}") = "Engine.Domain", "src\Engine.Domain\Engine.Domain.csproj", "{4EC2FD73-C4E1-4A3B-B1FF-123A9525AE76}"
EndProject
Project("{9A19103F-16F7-4668-BE54-9A1E7A4F7556}") = "Engine.Domain.Test", "Test\Unit\Engine.Domain.Test\Engine.Domain.Test.csproj", "{38E9CEC5-4356-4F2B-90A1-DC742A1389B9}"
EndProject
Project("{9A19103F-16F7-4668-BE54-9A1E7A4F7556}") = "Engine.Infrastructure.Test", "Test\Unit\Engine.Infrastructure.Test\Engine.Infrastructure.Test.csproj", "{27A2D747-BE70-4272-82D1-8BE468319FCF}"
EndProject
Project("{9A19103F-16F7-4668-BE54-9A1E7A4F7556}") = "EngineApi.Api.Test", "Test\Unit\EngineApi.Api.Test\EngineApi.Api.Test.csproj", "{73C00538-4BCA-49F8-9489-BC22D59DE603}"
EndProject
Project("{2150E333-8FDC-42A3-9474-1A3956D46DE8}") = "Pact", "Pact", "{D89CA724-975F-45E4-A0DE-59798B7629E0}"
EndProject
Project("{2150E333-8FDC-42A3-9474-1A3956D46DE8}") = "Consumer", "Consumer", "{92B7EBF2-72D8-4C79-BB87-063723022321}"
EndProject
Project("{9A19103F-16F7-4668-BE54-9A1E7A4F7556}") = "Cds.Engine.Tests.ConsumerPact", "Test\Pact\Consumer\Cds.Engine.Tests.ConsumerPact.csproj", "{BF557638-7AF1-4F08-AB6A-5368E4D7F0C6}"
EndProject
Project("{2150E333-8FDC-42A3-9474-1A3956D46DE8}") = "Provider", "Provider", "{ED3288AE-0F9C-408C-8972-D5D1EA74DD63}"
EndProject
Project("{9A19103F-16F7-4668-BE54-9A1E7A4F7556}") = "Cds.Engine.Tests.ProviderPact", "Test\Pact\Provider\Cds.Engine.Tests.ProviderPact.csproj", "{59DE2E00-AE88-41E9-8ECE-05FEE4921C76}"
EndProject
Project("{2150E333-8FDC-42A3-9474-1A3956D46DE8}") = "pacts", "pacts", "{05335707-54FE-41BB-BF81-C030139367A4}"
	ProjectSection(SolutionItems) = preProject
		Test\Pact\pacts\consumerenginereader-enginereader.json = Test\Pact\pacts\consumerenginereader-enginereader.json
	EndProjectSection
EndProject
Project("{2150E333-8FDC-42A3-9474-1A3956D46DE8}") = "Bdd", "Bdd", "{5F329DFF-B2E6-4E6A-AF9F-751648EB2835}"
EndProject
Project("{9A19103F-16F7-4668-BE54-9A1E7A4F7556}") = "Cds.Engine.Tests.Bdd", "Test\Bdd1\Cds.Engine.Tests.Bdd.csproj", "{1B723357-94B5-410B-B3C2-C495064DBEC9}"
EndProject
Global
	GlobalSection(SolutionConfigurationPlatforms) = preSolution
		CodeAnalysis|Any CPU = CodeAnalysis|Any CPU
		Debug|Any CPU = Debug|Any CPU
		Release|Any CPU = Release|Any CPU
	EndGlobalSection
	GlobalSection(ProjectConfigurationPlatforms) = postSolution
		{01E23BE5-307C-4567-9381-B59E91FEBA56}.CodeAnalysis|Any CPU.ActiveCfg = Release|Any CPU
		{01E23BE5-307C-4567-9381-B59E91FEBA56}.CodeAnalysis|Any CPU.Build.0 = Release|Any CPU
		{01E23BE5-307C-4567-9381-B59E91FEBA56}.Debug|Any CPU.ActiveCfg = Debug|Any CPU
		{01E23BE5-307C-4567-9381-B59E91FEBA56}.Debug|Any CPU.Build.0 = Debug|Any CPU
		{01E23BE5-307C-4567-9381-B59E91FEBA56}.Release|Any CPU.ActiveCfg = Release|Any CPU
		{01E23BE5-307C-4567-9381-B59E91FEBA56}.Release|Any CPU.Build.0 = Release|Any CPU
		{C60F1A75-5A2F-4DCE-954F-9816A21466EA}.CodeAnalysis|Any CPU.ActiveCfg = Release|Any CPU
		{C60F1A75-5A2F-4DCE-954F-9816A21466EA}.CodeAnalysis|Any CPU.Build.0 = Release|Any CPU
		{C60F1A75-5A2F-4DCE-954F-9816A21466EA}.Debug|Any CPU.ActiveCfg = Debug|Any CPU
		{C60F1A75-5A2F-4DCE-954F-9816A21466EA}.Debug|Any CPU.Build.0 = Debug|Any CPU
		{C60F1A75-5A2F-4DCE-954F-9816A21466EA}.Release|Any CPU.ActiveCfg = Release|Any CPU
		{C60F1A75-5A2F-4DCE-954F-9816A21466EA}.Release|Any CPU.Build.0 = Release|Any CPU
		{4EC2FD73-C4E1-4A3B-B1FF-123A9525AE76}.CodeAnalysis|Any CPU.ActiveCfg = Release|Any CPU
		{4EC2FD73-C4E1-4A3B-B1FF-123A9525AE76}.CodeAnalysis|Any CPU.Build.0 = Release|Any CPU
		{4EC2FD73-C4E1-4A3B-B1FF-123A9525AE76}.Debug|Any CPU.ActiveCfg = Debug|Any CPU
		{4EC2FD73-C4E1-4A3B-B1FF-123A9525AE76}.Debug|Any CPU.Build.0 = Debug|Any CPU
		{4EC2FD73-C4E1-4A3B-B1FF-123A9525AE76}.Release|Any CPU.ActiveCfg = Release|Any CPU
		{4EC2FD73-C4E1-4A3B-B1FF-123A9525AE76}.Release|Any CPU.Build.0 = Release|Any CPU
		{38E9CEC5-4356-4F2B-90A1-DC742A1389B9}.CodeAnalysis|Any CPU.ActiveCfg = Release|Any CPU
		{38E9CEC5-4356-4F2B-90A1-DC742A1389B9}.CodeAnalysis|Any CPU.Build.0 = Release|Any CPU
		{38E9CEC5-4356-4F2B-90A1-DC742A1389B9}.Debug|Any CPU.ActiveCfg = Debug|Any CPU
		{38E9CEC5-4356-4F2B-90A1-DC742A1389B9}.Debug|Any CPU.Build.0 = Debug|Any CPU
		{38E9CEC5-4356-4F2B-90A1-DC742A1389B9}.Release|Any CPU.ActiveCfg = Release|Any CPU
		{38E9CEC5-4356-4F2B-90A1-DC742A1389B9}.Release|Any CPU.Build.0 = Release|Any CPU
		{27A2D747-BE70-4272-82D1-8BE468319FCF}.CodeAnalysis|Any CPU.ActiveCfg = Release|Any CPU
		{27A2D747-BE70-4272-82D1-8BE468319FCF}.CodeAnalysis|Any CPU.Build.0 = Release|Any CPU
		{27A2D747-BE70-4272-82D1-8BE468319FCF}.Debug|Any CPU.ActiveCfg = Debug|Any CPU
		{27A2D747-BE70-4272-82D1-8BE468319FCF}.Debug|Any CPU.Build.0 = Debug|Any CPU
		{27A2D747-BE70-4272-82D1-8BE468319FCF}.Release|Any CPU.ActiveCfg = Release|Any CPU
		{27A2D747-BE70-4272-82D1-8BE468319FCF}.Release|Any CPU.Build.0 = Release|Any CPU
		{73C00538-4BCA-49F8-9489-BC22D59DE603}.CodeAnalysis|Any CPU.ActiveCfg = Release|Any CPU
		{73C00538-4BCA-49F8-9489-BC22D59DE603}.CodeAnalysis|Any CPU.Build.0 = Release|Any CPU
		{73C00538-4BCA-49F8-9489-BC22D59DE603}.Debug|Any CPU.ActiveCfg = Debug|Any CPU
		{73C00538-4BCA-49F8-9489-BC22D59DE603}.Debug|Any CPU.Build.0 = Debug|Any CPU
		{73C00538-4BCA-49F8-9489-BC22D59DE603}.Release|Any CPU.ActiveCfg = Release|Any CPU
		{73C00538-4BCA-49F8-9489-BC22D59DE603}.Release|Any CPU.Build.0 = Release|Any CPU
		{BF557638-7AF1-4F08-AB6A-5368E4D7F0C6}.CodeAnalysis|Any CPU.ActiveCfg = Debug|Any CPU
		{BF557638-7AF1-4F08-AB6A-5368E4D7F0C6}.CodeAnalysis|Any CPU.Build.0 = Debug|Any CPU
		{BF557638-7AF1-4F08-AB6A-5368E4D7F0C6}.Debug|Any CPU.ActiveCfg = Debug|Any CPU
		{BF557638-7AF1-4F08-AB6A-5368E4D7F0C6}.Debug|Any CPU.Build.0 = Debug|Any CPU
		{BF557638-7AF1-4F08-AB6A-5368E4D7F0C6}.Release|Any CPU.ActiveCfg = Release|Any CPU
		{BF557638-7AF1-4F08-AB6A-5368E4D7F0C6}.Release|Any CPU.Build.0 = Release|Any CPU
		{59DE2E00-AE88-41E9-8ECE-05FEE4921C76}.CodeAnalysis|Any CPU.ActiveCfg = Debug|Any CPU
		{59DE2E00-AE88-41E9-8ECE-05FEE4921C76}.CodeAnalysis|Any CPU.Build.0 = Debug|Any CPU
		{59DE2E00-AE88-41E9-8ECE-05FEE4921C76}.Debug|Any CPU.ActiveCfg = Debug|Any CPU
		{59DE2E00-AE88-41E9-8ECE-05FEE4921C76}.Debug|Any CPU.Build.0 = Debug|Any CPU
		{59DE2E00-AE88-41E9-8ECE-05FEE4921C76}.Release|Any CPU.ActiveCfg = Release|Any CPU
		{59DE2E00-AE88-41E9-8ECE-05FEE4921C76}.Release|Any CPU.Build.0 = Release|Any CPU
		{1B723357-94B5-410B-B3C2-C495064DBEC9}.CodeAnalysis|Any CPU.ActiveCfg = Debug|Any CPU
		{1B723357-94B5-410B-B3C2-C495064DBEC9}.CodeAnalysis|Any CPU.Build.0 = Debug|Any CPU
		{1B723357-94B5-410B-B3C2-C495064DBEC9}.Debug|Any CPU.ActiveCfg = Debug|Any CPU
		{1B723357-94B5-410B-B3C2-C495064DBEC9}.Debug|Any CPU.Build.0 = Debug|Any CPU
		{1B723357-94B5-410B-B3C2-C495064DBEC9}.Release|Any CPU.ActiveCfg = Release|Any CPU
		{1B723357-94B5-410B-B3C2-C495064DBEC9}.Release|Any CPU.Build.0 = Release|Any CPU
	EndGlobalSection
	GlobalSection(SolutionProperties) = preSolution
		HideSolutionNode = FALSE
	EndGlobalSection
	GlobalSection(NestedProjects) = preSolution
		{BB0B6EAD-1B95-45C7-8AD4-9E5F9BAB3310} = {54CA30BA-F196-4F3C-80B5-469A326F4BF9}
		{01E23BE5-307C-4567-9381-B59E91FEBA56} = {51E07447-63B2-476F-B591-F3A53DF95E1B}
		{C60F1A75-5A2F-4DCE-954F-9816A21466EA} = {51E07447-63B2-476F-B591-F3A53DF95E1B}
		{4EC2FD73-C4E1-4A3B-B1FF-123A9525AE76} = {51E07447-63B2-476F-B591-F3A53DF95E1B}
		{38E9CEC5-4356-4F2B-90A1-DC742A1389B9} = {BB0B6EAD-1B95-45C7-8AD4-9E5F9BAB3310}
		{27A2D747-BE70-4272-82D1-8BE468319FCF} = {BB0B6EAD-1B95-45C7-8AD4-9E5F9BAB3310}
		{73C00538-4BCA-49F8-9489-BC22D59DE603} = {BB0B6EAD-1B95-45C7-8AD4-9E5F9BAB3310}
		{D89CA724-975F-45E4-A0DE-59798B7629E0} = {54CA30BA-F196-4F3C-80B5-469A326F4BF9}
		{92B7EBF2-72D8-4C79-BB87-063723022321} = {D89CA724-975F-45E4-A0DE-59798B7629E0}
		{BF557638-7AF1-4F08-AB6A-5368E4D7F0C6} = {92B7EBF2-72D8-4C79-BB87-063723022321}
		{ED3288AE-0F9C-408C-8972-D5D1EA74DD63} = {D89CA724-975F-45E4-A0DE-59798B7629E0}
		{59DE2E00-AE88-41E9-8ECE-05FEE4921C76} = {ED3288AE-0F9C-408C-8972-D5D1EA74DD63}
		{05335707-54FE-41BB-BF81-C030139367A4} = {D89CA724-975F-45E4-A0DE-59798B7629E0}
		{5F329DFF-B2E6-4E6A-AF9F-751648EB2835} = {54CA30BA-F196-4F3C-80B5-469A326F4BF9}
		{1B723357-94B5-410B-B3C2-C495064DBEC9} = {5F329DFF-B2E6-4E6A-AF9F-751648EB2835}
	EndGlobalSection
	GlobalSection(ExtensibilityGlobals) = postSolution
		SolutionGuid = {305F5D7B-A477-4F16-9316-A45DD9FB486D}
	EndGlobalSection
EndGlobal
