
Microsoft Visual Studio Solution File, Format Version 12.00
# Visual Studio Version 16
VisualStudioVersion = 16.0.31005.135
MinimumVisualStudioVersion = 10.0.40219.1
Project("{2150E333-8FDC-42A3-9474-1A3956D46DE8}") = "src", "src", "{51E07447-63B2-476F-B591-F3A53DF95E1B}"
EndProject
Project("{2150E333-8FDC-42A3-9474-1A3956D46DE8}") = "Test", "Test", "{54CA30BA-F196-4F3C-80B5-469A326F4BF9}"
EndProject
Project("{2150E333-8FDC-42A3-9474-1A3956D46DE8}") = "Unit", "Unit", "{BB0B6EAD-1B95-45C7-8AD4-9E5F9BAB3310}"
EndProject
Project("{9A19103F-16F7-4668-BE54-9A1E7A4F7556}") = "EngineApi.Api", "src\EngineApi.Api\EngineApi.Api.csproj", "{01E23BE5-307C-4567-9381-B59E91FEBA56}"
EndProject
Project("{9A19103F-16F7-4668-BE54-9A1E7A4F7556}") = "Engine.Infrastructure", "src\Engine.Infrastructure\Engine.Infrastructure.csproj", "{C60F1A75-5A2F-4DCE-954F-9816A21466EA}"
EndProject
Project("{9A19103F-16F7-4668-BE54-9A1E7A4F7556}") = "Engine.Domain", "src\Engine.Domain\Engine.Domain.csproj", "{4EC2FD73-C4E1-4A3B-B1FF-123A9525AE76}"
EndProject
Project("{9A19103F-16F7-4668-BE54-9A1E7A4F7556}") = "Engine.Domain.Test", "Test\Unit\Engine.Domain.Test\Engine.Domain.Test.csproj", "{38E9CEC5-4356-4F2B-90A1-DC742A1389B9}"
EndProject
Project("{9A19103F-16F7-4668-BE54-9A1E7A4F7556}") = "Engine.Infrastructure.Test", "Test\Unit\Engine.Infrastructure.Test\Engine.Infrastructure.Test.csproj", "{27A2D747-BE70-4272-82D1-8BE468319FCF}"
EndProject
Project("{9A19103F-16F7-4668-BE54-9A1E7A4F7556}") = "EngineApi.Api.Test", "Test\Unit\EngineApi.Api.Test\EngineApi.Api.Test.csproj", "{73C00538-4BCA-49F8-9489-BC22D59DE603}"
EndProject
Project("{2150E333-8FDC-42A3-9474-1A3956D46DE8}") = "Bdd", "Bdd", "{DB392104-DA2B-4388-883C-A1B619501381}"
EndProject
Project("{FAE04EC0-301F-11D3-BF4B-00C04F79EFBC}") = "Engine.Tests.Bdd", "Engine.Tests.Bdd\Engine.Tests.Bdd.csproj", "{ACD90BE8-456B-4737-BD88-3345E6F2CFAA}"
EndProject
Global
	GlobalSection(SolutionConfigurationPlatforms) = preSolution
		Debug|Any CPU = Debug|Any CPU
		Release|Any CPU = Release|Any CPU
	EndGlobalSection
	GlobalSection(ProjectConfigurationPlatforms) = postSolution
		{01E23BE5-307C-4567-9381-B59E91FEBA56}.Debug|Any CPU.ActiveCfg = Debug|Any CPU
		{01E23BE5-307C-4567-9381-B59E91FEBA56}.Debug|Any CPU.Build.0 = Debug|Any CPU
		{01E23BE5-307C-4567-9381-B59E91FEBA56}.Release|Any CPU.ActiveCfg = Release|Any CPU
		{01E23BE5-307C-4567-9381-B59E91FEBA56}.Release|Any CPU.Build.0 = Release|Any CPU
		{C60F1A75-5A2F-4DCE-954F-9816A21466EA}.Debug|Any CPU.ActiveCfg = Debug|Any CPU
		{C60F1A75-5A2F-4DCE-954F-9816A21466EA}.Debug|Any CPU.Build.0 = Debug|Any CPU
		{C60F1A75-5A2F-4DCE-954F-9816A21466EA}.Release|Any CPU.ActiveCfg = Release|Any CPU
		{C60F1A75-5A2F-4DCE-954F-9816A21466EA}.Release|Any CPU.Build.0 = Release|Any CPU
		{4EC2FD73-C4E1-4A3B-B1FF-123A9525AE76}.Debug|Any CPU.ActiveCfg = Debug|Any CPU
		{4EC2FD73-C4E1-4A3B-B1FF-123A9525AE76}.Debug|Any CPU.Build.0 = Debug|Any CPU
		{4EC2FD73-C4E1-4A3B-B1FF-123A9525AE76}.Release|Any CPU.ActiveCfg = Release|Any CPU
		{4EC2FD73-C4E1-4A3B-B1FF-123A9525AE76}.Release|Any CPU.Build.0 = Release|Any CPU
		{38E9CEC5-4356-4F2B-90A1-DC742A1389B9}.Debug|Any CPU.ActiveCfg = Debug|Any CPU
		{38E9CEC5-4356-4F2B-90A1-DC742A1389B9}.Debug|Any CPU.Build.0 = Debug|Any CPU
		{38E9CEC5-4356-4F2B-90A1-DC742A1389B9}.Release|Any CPU.ActiveCfg = Release|Any CPU
		{38E9CEC5-4356-4F2B-90A1-DC742A1389B9}.Release|Any CPU.Build.0 = Release|Any CPU
		{27A2D747-BE70-4272-82D1-8BE468319FCF}.Debug|Any CPU.ActiveCfg = Debug|Any CPU
		{27A2D747-BE70-4272-82D1-8BE468319FCF}.Debug|Any CPU.Build.0 = Debug|Any CPU
		{27A2D747-BE70-4272-82D1-8BE468319FCF}.Release|Any CPU.ActiveCfg = Release|Any CPU
		{27A2D747-BE70-4272-82D1-8BE468319FCF}.Release|Any CPU.Build.0 = Release|Any CPU
		{73C00538-4BCA-49F8-9489-BC22D59DE603}.Debug|Any CPU.ActiveCfg = Debug|Any CPU
		{73C00538-4BCA-49F8-9489-BC22D59DE603}.Debug|Any CPU.Build.0 = Debug|Any CPU
		{73C00538-4BCA-49F8-9489-BC22D59DE603}.Release|Any CPU.ActiveCfg = Release|Any CPU
		{73C00538-4BCA-49F8-9489-BC22D59DE603}.Release|Any CPU.Build.0 = Release|Any CPU
		{ACD90BE8-456B-4737-BD88-3345E6F2CFAA}.Debug|Any CPU.ActiveCfg = Debug|Any CPU
		{ACD90BE8-456B-4737-BD88-3345E6F2CFAA}.Debug|Any CPU.Build.0 = Debug|Any CPU
		{ACD90BE8-456B-4737-BD88-3345E6F2CFAA}.Release|Any CPU.ActiveCfg = Release|Any CPU
		{ACD90BE8-456B-4737-BD88-3345E6F2CFAA}.Release|Any CPU.Build.0 = Release|Any CPU
	EndGlobalSection
	GlobalSection(SolutionProperties) = preSolution
		HideSolutionNode = FALSE
	EndGlobalSection
	GlobalSection(NestedProjects) = preSolution
		{BB0B6EAD-1B95-45C7-8AD4-9E5F9BAB3310} = {54CA30BA-F196-4F3C-80B5-469A326F4BF9}
		{01E23BE5-307C-4567-9381-B59E91FEBA56} = {51E07447-63B2-476F-B591-F3A53DF95E1B}
		{C60F1A75-5A2F-4DCE-954F-9816A21466EA} = {51E07447-63B2-476F-B591-F3A53DF95E1B}
		{4EC2FD73-C4E1-4A3B-B1FF-123A9525AE76} = {51E07447-63B2-476F-B591-F3A53DF95E1B}
		{38E9CEC5-4356-4F2B-90A1-DC742A1389B9} = {BB0B6EAD-1B95-45C7-8AD4-9E5F9BAB3310}
		{27A2D747-BE70-4272-82D1-8BE468319FCF} = {BB0B6EAD-1B95-45C7-8AD4-9E5F9BAB3310}
		{73C00538-4BCA-49F8-9489-BC22D59DE603} = {BB0B6EAD-1B95-45C7-8AD4-9E5F9BAB3310}
		{DB392104-DA2B-4388-883C-A1B619501381} = {54CA30BA-F196-4F3C-80B5-469A326F4BF9}
		{ACD90BE8-456B-4737-BD88-3345E6F2CFAA} = {DB392104-DA2B-4388-883C-A1B619501381}
	EndGlobalSection
	GlobalSection(ExtensibilityGlobals) = postSolution
		SolutionGuid = {305F5D7B-A477-4F16-9316-A45DD9FB486D}
	EndGlobalSection
EndGlobal
